// !$*UTF8*$!
{
	archiveVersion = 1;
	classes = {
	};
	objectVersion = 46;
	objects = {

/* Begin PBXBuildFile section */
		D62CE5B217C28ACB0097C992 /* Foundation.framework in Frameworks */ = {isa = PBXBuildFile; fileRef = D62CE5B117C28ACB0097C992 /* Foundation.framework */; };
		D62CE5B717C28ACB0097C992 /* kCAT.h in CopyFiles */ = {isa = PBXBuildFile; fileRef = D62CE5B617C28ACB0097C992 /* kCAT.h */; };
		D62CE5B917C28ACB0097C992 /* kCAT.m in Sources */ = {isa = PBXBuildFile; fileRef = D62CE5B817C28ACB0097C992 /* kCAT.m */; };
		D62CE5C017C28ACB0097C992 /* XCTest.framework in Frameworks */ = {isa = PBXBuildFile; fileRef = D62CE5BF17C28ACB0097C992 /* XCTest.framework */; };
		D62CE5C117C28ACB0097C992 /* Foundation.framework in Frameworks */ = {isa = PBXBuildFile; fileRef = D62CE5B117C28ACB0097C992 /* Foundation.framework */; };
		D62CE5C317C28ACB0097C992 /* UIKit.framework in Frameworks */ = {isa = PBXBuildFile; fileRef = D62CE5C217C28ACB0097C992 /* UIKit.framework */; };
		D62CE5C617C28ACB0097C992 /* libkCAT-library.a in Frameworks */ = {isa = PBXBuildFile; fileRef = D62CE5AE17C28ACB0097C992 /* libkCAT-library.a */; };
		D62CE5CC17C28ACB0097C992 /* InfoPlist.strings in Resources */ = {isa = PBXBuildFile; fileRef = D62CE5CA17C28ACB0097C992 /* InfoPlist.strings */; };
		D62CE5CE17C28ACB0097C992 /* kCATTests.m in Sources */ = {isa = PBXBuildFile; fileRef = D62CE5CD17C28ACB0097C992 /* kCATTests.m */; };
/* End PBXBuildFile section */

/* Begin PBXContainerItemProxy section */
		D62CE5C417C28ACB0097C992 /* PBXContainerItemProxy */ = {
			isa = PBXContainerItemProxy;
			containerPortal = D62CE5A617C28ACB0097C992 /* Project object */;
			proxyType = 1;
			remoteGlobalIDString = D62CE5AD17C28ACB0097C992;
			remoteInfo = kCAT;
		};
/* End PBXContainerItemProxy section */

/* Begin PBXCopyFilesBuildPhase section */
		D62CE5AC17C28ACB0097C992 /* CopyFiles */ = {
			isa = PBXCopyFilesBuildPhase;
			buildActionMask = 2147483647;
			dstPath = "include/$(PRODUCT_NAME)";
			dstSubfolderSpec = 16;
			files = (
				D62CE5B717C28ACB0097C992 /* kCAT.h in CopyFiles */,
			);
			runOnlyForDeploymentPostprocessing = 0;
		};
/* End PBXCopyFilesBuildPhase section */

/* Begin PBXFileReference section */
		D62CE5AE17C28ACB0097C992 /* libkCAT-library.a */ = {isa = PBXFileReference; explicitFileType = archive.ar; includeInIndex = 0; path = "libkCAT-library.a"; sourceTree = BUILT_PRODUCTS_DIR; };
		D62CE5B117C28ACB0097C992 /* Foundation.framework */ = {isa = PBXFileReference; lastKnownFileType = wrapper.framework; name = Foundation.framework; path = System/Library/Frameworks/Foundation.framework; sourceTree = SDKROOT; };
		D62CE5B517C28ACB0097C992 /* kCAT-library-Prefix.pch */ = {isa = PBXFileReference; lastKnownFileType = sourcecode.c.h; path = "kCAT-library-Prefix.pch"; sourceTree = "<group>"; };
		D62CE5B617C28ACB0097C992 /* kCAT.h */ = {isa = PBXFileReference; lastKnownFileType = sourcecode.c.h; path = kCAT.h; sourceTree = "<group>"; };
		D62CE5B817C28ACB0097C992 /* kCAT.m */ = {isa = PBXFileReference; lastKnownFileType = sourcecode.c.objc; path = kCAT.m; sourceTree = "<group>"; };
		D62CE5BE17C28ACB0097C992 /* kCAT-libraryTests.xctest */ = {isa = PBXFileReference; explicitFileType = wrapper.cfbundle; includeInIndex = 0; path = "kCAT-libraryTests.xctest"; sourceTree = BUILT_PRODUCTS_DIR; };
		D62CE5BF17C28ACB0097C992 /* XCTest.framework */ = {isa = PBXFileReference; lastKnownFileType = wrapper.framework; name = XCTest.framework; path = Library/Frameworks/XCTest.framework; sourceTree = DEVELOPER_DIR; };
		D62CE5C217C28ACB0097C992 /* UIKit.framework */ = {isa = PBXFileReference; lastKnownFileType = wrapper.framework; name = UIKit.framework; path = Library/Frameworks/UIKit.framework; sourceTree = DEVELOPER_DIR; };
		D62CE5C917C28ACB0097C992 /* kCAT-libraryTests-Info.plist */ = {isa = PBXFileReference; lastKnownFileType = text.plist.xml; path = "kCAT-libraryTests-Info.plist"; sourceTree = "<group>"; };
		D62CE5CB17C28ACB0097C992 /* en */ = {isa = PBXFileReference; lastKnownFileType = text.plist.strings; name = en; path = en.lproj/InfoPlist.strings; sourceTree = "<group>"; };
		D62CE5CD17C28ACB0097C992 /* kCATTests.m */ = {isa = PBXFileReference; lastKnownFileType = sourcecode.c.objc; path = kCATTests.m; sourceTree = "<group>"; };
/* End PBXFileReference section */

/* Begin PBXFrameworksBuildPhase section */
		D62CE5AB17C28ACB0097C992 /* Frameworks */ = {
			isa = PBXFrameworksBuildPhase;
			buildActionMask = 2147483647;
			files = (
				D62CE5B217C28ACB0097C992 /* Foundation.framework in Frameworks */,
			);
			runOnlyForDeploymentPostprocessing = 0;
		};
		D62CE5BB17C28ACB0097C992 /* Frameworks */ = {
			isa = PBXFrameworksBuildPhase;
			buildActionMask = 2147483647;
			files = (
				D62CE5C017C28ACB0097C992 /* XCTest.framework in Frameworks */,
				D62CE5C317C28ACB0097C992 /* UIKit.framework in Frameworks */,
				D62CE5C617C28ACB0097C992 /* libkCAT-library.a in Frameworks */,
				D62CE5C117C28ACB0097C992 /* Foundation.framework in Frameworks */,
			);
			runOnlyForDeploymentPostprocessing = 0;
		};
/* End PBXFrameworksBuildPhase section */

/* Begin PBXGroup section */
		D62CE5A517C28ACB0097C992 = {
			isa = PBXGroup;
			children = (
				D62CE5B317C28ACB0097C992 /* kCAT */,
				D62CE5C717C28ACB0097C992 /* kCATTests */,
				D62CE5B017C28ACB0097C992 /* Frameworks */,
				D62CE5AF17C28ACB0097C992 /* Products */,
			);
			sourceTree = "<group>";
		};
		D62CE5AF17C28ACB0097C992 /* Products */ = {
			isa = PBXGroup;
			children = (
				D62CE5AE17C28ACB0097C992 /* libkCAT-library.a */,
				D62CE5BE17C28ACB0097C992 /* kCAT-libraryTests.xctest */,
			);
			name = Products;
			sourceTree = "<group>";
		};
		D62CE5B017C28ACB0097C992 /* Frameworks */ = {
			isa = PBXGroup;
			children = (
				D62CE5B117C28ACB0097C992 /* Foundation.framework */,
				D62CE5BF17C28ACB0097C992 /* XCTest.framework */,
				D62CE5C217C28ACB0097C992 /* UIKit.framework */,
			);
			name = Frameworks;
			sourceTree = "<group>";
		};
		D62CE5B317C28ACB0097C992 /* kCAT */ = {
			isa = PBXGroup;
			children = (
				D62CE5B617C28ACB0097C992 /* kCAT.h */,
				D62CE5B817C28ACB0097C992 /* kCAT.m */,
				D62CE5B417C28ACB0097C992 /* Supporting Files */,
			);
			path = kCAT;
			sourceTree = "<group>";
		};
		D62CE5B417C28ACB0097C992 /* Supporting Files */ = {
			isa = PBXGroup;
			children = (
				D62CE5B517C28ACB0097C992 /* kCAT-library-Prefix.pch */,
			);
			name = "Supporting Files";
			sourceTree = "<group>";
		};
		D62CE5C717C28ACB0097C992 /* kCATTests */ = {
			isa = PBXGroup;
			children = (
				D62CE5CD17C28ACB0097C992 /* kCATTests.m */,
				D62CE5C817C28ACB0097C992 /* Supporting Files */,
			);
			path = kCATTests;
			sourceTree = "<group>";
		};
		D62CE5C817C28ACB0097C992 /* Supporting Files */ = {
			isa = PBXGroup;
			children = (
				D62CE5C917C28ACB0097C992 /* kCAT-libraryTests-Info.plist */,
				D62CE5CA17C28ACB0097C992 /* InfoPlist.strings */,
			);
			name = "Supporting Files";
			sourceTree = "<group>";
		};
/* End PBXGroup section */

/* Begin PBXNativeTarget section */
		D62CE5AD17C28ACB0097C992 /* kCAT-library */ = {
			isa = PBXNativeTarget;
			buildConfigurationList = D62CE5D117C28ACB0097C992 /* Build configuration list for PBXNativeTarget "kCAT-library" */;
			buildPhases = (
				D62CE5AA17C28ACB0097C992 /* Sources */,
				D62CE5AB17C28ACB0097C992 /* Frameworks */,
				D62CE5AC17C28ACB0097C992 /* CopyFiles */,
			);
			buildRules = (
			);
			dependencies = (
			);
			name = "kCAT-library";
			productName = kCAT;
			productReference = D62CE5AE17C28ACB0097C992 /* libkCAT-library.a */;
			productType = "com.apple.product-type.library.static";
		};
		D62CE5BD17C28ACB0097C992 /* kCAT-libraryTests */ = {
			isa = PBXNativeTarget;
			buildConfigurationList = D62CE5D417C28ACB0097C992 /* Build configuration list for PBXNativeTarget "kCAT-libraryTests" */;
			buildPhases = (
				D62CE5BA17C28ACB0097C992 /* Sources */,
				D62CE5BB17C28ACB0097C992 /* Frameworks */,
				D62CE5BC17C28ACB0097C992 /* Resources */,
			);
			buildRules = (
			);
			dependencies = (
				D62CE5C517C28ACB0097C992 /* PBXTargetDependency */,
			);
			name = "kCAT-libraryTests";
			productName = kCATTests;
			productReference = D62CE5BE17C28ACB0097C992 /* kCAT-libraryTests.xctest */;
			productType = "com.apple.product-type.bundle.unit-test";
		};
/* End PBXNativeTarget section */

/* Begin PBXProject section */
		D62CE5A617C28ACB0097C992 /* Project object */ = {
			isa = PBXProject;
			attributes = {
				LastUpgradeCheck = 0500;
				ORGANIZATIONNAME = Kunance;
			};
			buildConfigurationList = D62CE5A917C28ACB0097C992 /* Build configuration list for PBXProject "kCAT-library" */;
			compatibilityVersion = "Xcode 3.2";
			developmentRegion = English;
			hasScannedForEncodings = 0;
			knownRegions = (
				en,
			);
			mainGroup = D62CE5A517C28ACB0097C992;
			productRefGroup = D62CE5AF17C28ACB0097C992 /* Products */;
			projectDirPath = "";
			projectRoot = "";
			targets = (
				D62CE5AD17C28ACB0097C992 /* kCAT-library */,
				D62CE5BD17C28ACB0097C992 /* kCAT-libraryTests */,
			);
		};
/* End PBXProject section */

/* Begin PBXResourcesBuildPhase section */
		D62CE5BC17C28ACB0097C992 /* Resources */ = {
			isa = PBXResourcesBuildPhase;
			buildActionMask = 2147483647;
			files = (
				D62CE5CC17C28ACB0097C992 /* InfoPlist.strings in Resources */,
			);
			runOnlyForDeploymentPostprocessing = 0;
		};
/* End PBXResourcesBuildPhase section */

/* Begin PBXSourcesBuildPhase section */
		D62CE5AA17C28ACB0097C992 /* Sources */ = {
			isa = PBXSourcesBuildPhase;
			buildActionMask = 2147483647;
			files = (
				D62CE5B917C28ACB0097C992 /* kCAT.m in Sources */,
			);
			runOnlyForDeploymentPostprocessing = 0;
		};
		D62CE5BA17C28ACB0097C992 /* Sources */ = {
			isa = PBXSourcesBuildPhase;
			buildActionMask = 2147483647;
			files = (
				D62CE5CE17C28ACB0097C992 /* kCATTests.m in Sources */,
			);
			runOnlyForDeploymentPostprocessing = 0;
		};
/* End PBXSourcesBuildPhase section */

/* Begin PBXTargetDependency section */
		D62CE5C517C28ACB0097C992 /* PBXTargetDependency */ = {
			isa = PBXTargetDependency;
			target = D62CE5AD17C28ACB0097C992 /* kCAT-library */;
			targetProxy = D62CE5C417C28ACB0097C992 /* PBXContainerItemProxy */;
		};
/* End PBXTargetDependency section */

/* Begin PBXVariantGroup section */
		D62CE5CA17C28ACB0097C992 /* InfoPlist.strings */ = {
			isa = PBXVariantGroup;
			children = (
				D62CE5CB17C28ACB0097C992 /* en */,
			);
			name = InfoPlist.strings;
			sourceTree = "<group>";
		};
/* End PBXVariantGroup section */

/* Begin XCBuildConfiguration section */
		D62CE5CF17C28ACB0097C992 /* Debug */ = {
			isa = XCBuildConfiguration;
			buildSettings = {
				ALWAYS_SEARCH_USER_PATHS = NO;
				CLANG_CXX_LANGUAGE_STANDARD = "gnu++0x";
				CLANG_CXX_LIBRARY = "libc++";
				CLANG_ENABLE_MODULES = YES;
				CLANG_ENABLE_OBJC_ARC = YES;
				CLANG_WARN_BOOL_CONVERSION = YES;
				CLANG_WARN_CONSTANT_CONVERSION = YES;
				CLANG_WARN_DIRECT_OBJC_ISA_USAGE = YES_ERROR;
				CLANG_WARN_EMPTY_BODY = YES;
				CLANG_WARN_ENUM_CONVERSION = YES;
				CLANG_WARN_INT_CONVERSION = YES;
				CLANG_WARN_OBJC_ROOT_CLASS = YES_ERROR;
				CLANG_WARN__DUPLICATE_METHOD_MATCH = YES;
				COPY_PHASE_STRIP = NO;
				GCC_C_LANGUAGE_STANDARD = gnu99;
				GCC_DYNAMIC_NO_PIC = NO;
				GCC_OPTIMIZATION_LEVEL = 0;
				GCC_PREPROCESSOR_DEFINITIONS = (
					"DEBUG=1",
					"$(inherited)",
				);
				GCC_SYMBOLS_PRIVATE_EXTERN = NO;
				GCC_WARN_ABOUT_RETURN_TYPE = YES_ERROR;
				GCC_WARN_UNDECLARED_SELECTOR = YES;
				GCC_WARN_UNINITIALIZED_AUTOS = YES;
				GCC_WARN_UNUSED_FUNCTION = YES;
				GCC_WARN_UNUSED_VARIABLE = YES;
				IPHONEOS_DEPLOYMENT_TARGET = 7.0;
				ONLY_ACTIVE_ARCH = YES;
				SDKROOT = iphoneos;
			};
			name = Debug;
		};
		D62CE5D017C28ACB0097C992 /* Release */ = {
			isa = XCBuildConfiguration;
			buildSettings = {
				ALWAYS_SEARCH_USER_PATHS = NO;
				CLANG_CXX_LANGUAGE_STANDARD = "gnu++0x";
				CLANG_CXX_LIBRARY = "libc++";
				CLANG_ENABLE_MODULES = YES;
				CLANG_ENABLE_OBJC_ARC = YES;
				CLANG_WARN_BOOL_CONVERSION = YES;
				CLANG_WARN_CONSTANT_CONVERSION = YES;
				CLANG_WARN_DIRECT_OBJC_ISA_USAGE = YES_ERROR;
				CLANG_WARN_EMPTY_BODY = YES;
				CLANG_WARN_ENUM_CONVERSION = YES;
				CLANG_WARN_INT_CONVERSION = YES;
				CLANG_WARN_OBJC_ROOT_CLASS = YES_ERROR;
				CLANG_WARN__DUPLICATE_METHOD_MATCH = YES;
				COPY_PHASE_STRIP = YES;
				ENABLE_NS_ASSERTIONS = NO;
				GCC_C_LANGUAGE_STANDARD = gnu99;
				GCC_WARN_ABOUT_RETURN_TYPE = YES_ERROR;
				GCC_WARN_UNDECLARED_SELECTOR = YES;
				GCC_WARN_UNINITIALIZED_AUTOS = YES;
				GCC_WARN_UNUSED_FUNCTION = YES;
				GCC_WARN_UNUSED_VARIABLE = YES;
				IPHONEOS_DEPLOYMENT_TARGET = 7.0;
				SDKROOT = iphoneos;
				VALIDATE_PRODUCT = YES;
			};
			name = Release;
		};
		D62CE5D217C28ACB0097C992 /* Debug */ = {
			isa = XCBuildConfiguration;
			buildSettings = {
				DSTROOT = /tmp/kCAT.dst;
				GCC_PRECOMPILE_PREFIX_HEADER = YES;
				GCC_PREFIX_HEADER = "kCAT/kCAT-library-Prefix.pch";
				OTHER_LDFLAGS = "-ObjC";
				PRODUCT_NAME = "kCAT-library";
				SKIP_INSTALL = YES;
			};
			name = Debug;
		};
		D62CE5D317C28ACB0097C992 /* Release */ = {
			isa = XCBuildConfiguration;
			buildSettings = {
				DSTROOT = /tmp/kCAT.dst;
				GCC_PRECOMPILE_PREFIX_HEADER = YES;
				GCC_PREFIX_HEADER = "kCAT/kCAT-library-Prefix.pch";
				OTHER_LDFLAGS = "-ObjC";
				PRODUCT_NAME = "kCAT-library";
				SKIP_INSTALL = YES;
			};
			name = Release;
		};
		D62CE5D517C28ACB0097C992 /* Debug */ = {
			isa = XCBuildConfiguration;
			buildSettings = {
				FRAMEWORK_SEARCH_PATHS = (
					"$(SDKROOT)/Developer/Library/Frameworks",
					"$(inherited)",
					"$(DEVELOPER_FRAMEWORKS_DIR)",
				);
				GCC_PRECOMPILE_PREFIX_HEADER = YES;
				GCC_PREFIX_HEADER = "kCAT/kCAT-Prefix.pch";
				GCC_PREPROCESSOR_DEFINITIONS = (
					"DEBUG=1",
					"$(inherited)",
				);
				INFOPLIST_FILE = "kCATTests/kCAT-libraryTests-Info.plist";
				PRODUCT_NAME = "kCAT-libraryTests";
				WRAPPER_EXTENSION = xctest;
			};
			name = Debug;
		};
		D62CE5D617C28ACB0097C992 /* Release */ = {
			isa = XCBuildConfiguration;
			buildSettings = {
				FRAMEWORK_SEARCH_PATHS = (
					"$(SDKROOT)/Developer/Library/Frameworks",
					"$(inherited)",
					"$(DEVELOPER_FRAMEWORKS_DIR)",
				);
				GCC_PRECOMPILE_PREFIX_HEADER = YES;
				GCC_PREFIX_HEADER = "kCAT/kCAT-Prefix.pch";
				INFOPLIST_FILE = "kCATTests/kCAT-libraryTests-Info.plist";
				PRODUCT_NAME = "kCAT-libraryTests";
				WRAPPER_EXTENSION = xctest;
			};
			name = Release;
		};
/* End XCBuildConfiguration section */

/* Begin XCConfigurationList section */
		D62CE5A917C28ACB0097C992 /* Build configuration list for PBXProject "kCAT-library" */ = {
			isa = XCConfigurationList;
			buildConfigurations = (
				D62CE5CF17C28ACB0097C992 /* Debug */,
				D62CE5D017C28ACB0097C992 /* Release */,
			);
			defaultConfigurationIsVisible = 0;
			defaultConfigurationName = Release;
		};
		D62CE5D117C28ACB0097C992 /* Build configuration list for PBXNativeTarget "kCAT-library" */ = {
			isa = XCConfigurationList;
			buildConfigurations = (
				D62CE5D217C28ACB0097C992 /* Debug */,
				D62CE5D317C28ACB0097C992 /* Release */,
			);
			defaultConfigurationIsVisible = 0;
		};
		D62CE5D417C28ACB0097C992 /* Build configuration list for PBXNativeTarget "kCAT-libraryTests" */ = {
			isa = XCConfigurationList;
			buildConfigurations = (
				D62CE5D517C28ACB0097C992 /* Debug */,
				D62CE5D617C28ACB0097C992 /* Release */,
			);
			defaultConfigurationIsVisible = 0;
		};
/* End XCConfigurationList section */
	};
	rootObject = D62CE5A617C28ACB0097C992 /* Project object */;
}
